{
  "nodes": {
    "nixpkgs": {
      "locked": {
        "lastModified": 1611574965,
        "narHash": "sha256-IYtGS077nJFIqSq6Cb8WEJwbqqd4K7S4vUuwPZKfLeo=",
        "type": "tarball",
        "url": "https://github.com/NixOS/nixpkgs-channels/archive/nixos-unstable.tar.gz"
      },
      "original": {
        "type": "tarball",
        "url": "https://github.com/NixOS/nixpkgs-channels/archive/nixos-unstable.tar.gz"
      }
    },
    "root": {
      "inputs": {
        "nixpkgs": "nixpkgs"
      }
    }
  },
  "root": "root",
  "version": 7
}
